
Microsoft Visual Studio Solution File, Format Version 12.00
# Visual Studio Version 17
VisualStudioVersion = 17.3.32819.101
MinimumVisualStudioVersion = 10.0.40219.1
Project("{FAE04EC0-301F-11D3-BF4B-00C04F79EFBC}") = "olah_nilaiV2", "olah_nilaiV2\olah_nilaiV2.csproj", "{5823DD5D-AB41-4398-9C3D-16E34BD35BDF}"
EndProject
Global
	GlobalSection(SolutionConfigurationPlatforms) = preSolution
		Debug|Any CPU = Debug|Any CPU
		Release|Any CPU = Release|Any CPU
	EndGlobalSection
	GlobalSection(ProjectConfigurationPlatforms) = postSolution
		{5823DD5D-AB41-4398-9C3D-16E34BD35BDF}.Debug|Any CPU.ActiveCfg = Debug|Any CPU
		{5823DD5D-AB41-4398-9C3D-16E34BD35BDF}.Debug|Any CPU.Build.0 = Debug|Any CPU
		{5823DD5D-AB41-4398-9C3D-16E34BD35BDF}.Release|Any CPU.ActiveCfg = Release|Any CPU
		{5823DD5D-AB41-4398-9C3D-16E34BD35BDF}.Release|Any CPU.Build.0 = Release|Any CPU
	EndGlobalSection
	GlobalSection(SolutionProperties) = preSolution
		HideSolutionNode = FALSE
	EndGlobalSection
	GlobalSection(ExtensibilityGlobals) = postSolution
		SolutionGuid = {AA883228-31D7-4E89-B425-B3C28FF5AFA7}
	EndGlobalSection
EndGlobal
